
Microsoft Visual Studio Solution File, Format Version 12.00
# Visual Studio 15
VisualStudioVersion = 15.0.27130.2024
MinimumVisualStudioVersion = 10.0.40219.1
Project("{FAE04EC0-301F-11D3-BF4B-00C04F79EFBC}") = "IntegrationTests", "RM\IntegrationTests.csproj", "{B2BD9E37-F215-4235-9C9E-B9E404366E04}"
EndProject
Project("{2150E333-8FDC-42A3-9474-1A3956D46DE8}") = "RM_Service_Base", "RM_Service_Base", "{CDDDEB7B-F59A-4FF0-9EAD-FA95C587BD97}"
EndProject
Project("{FAE04EC0-301F-11D3-BF4B-00C04F79EFBC}") = "FunctionalTests", "FunctionalTests\FunctionalTests.csproj", "{53804B5D-6F29-49C3-AD2F-9187EA72CF32}"
EndProject
Project("{9A19103F-16F7-4668-BE54-9A1E7A4F7556}") = "RM_Stuff", "RMStuff\RM_Stuff.csproj", "{5F3DA0A7-8347-41BC-8D9F-8EAA5B95F85E}"
EndProject
Project("{9A19103F-16F7-4668-BE54-9A1E7A4F7556}") = "DataServer_Stuff", "DataServer_Stuff\DataServer_Stuff.csproj", "{E9D72B9F-54A8-4A37-A739-3CACBC22B931}"
EndProject
Global
	GlobalSection(SolutionConfigurationPlatforms) = preSolution
		Debug|Any CPU = Debug|Any CPU
		Release|Any CPU = Release|Any CPU
	EndGlobalSection
	GlobalSection(ProjectConfigurationPlatforms) = postSolution
		{B2BD9E37-F215-4235-9C9E-B9E404366E04}.Debug|Any CPU.ActiveCfg = Debug|Any CPU
		{B2BD9E37-F215-4235-9C9E-B9E404366E04}.Debug|Any CPU.Build.0 = Debug|Any CPU
		{B2BD9E37-F215-4235-9C9E-B9E404366E04}.Release|Any CPU.ActiveCfg = Release|Any CPU
		{B2BD9E37-F215-4235-9C9E-B9E404366E04}.Release|Any CPU.Build.0 = Release|Any CPU
		{53804B5D-6F29-49C3-AD2F-9187EA72CF32}.Debug|Any CPU.ActiveCfg = Debug|Any CPU
		{53804B5D-6F29-49C3-AD2F-9187EA72CF32}.Debug|Any CPU.Build.0 = Debug|Any CPU
		{53804B5D-6F29-49C3-AD2F-9187EA72CF32}.Release|Any CPU.ActiveCfg = Release|Any CPU
		{53804B5D-6F29-49C3-AD2F-9187EA72CF32}.Release|Any CPU.Build.0 = Release|Any CPU
		{5F3DA0A7-8347-41BC-8D9F-8EAA5B95F85E}.Debug|Any CPU.ActiveCfg = Debug|Any CPU
		{5F3DA0A7-8347-41BC-8D9F-8EAA5B95F85E}.Debug|Any CPU.Build.0 = Debug|Any CPU
		{5F3DA0A7-8347-41BC-8D9F-8EAA5B95F85E}.Release|Any CPU.ActiveCfg = Release|Any CPU
		{5F3DA0A7-8347-41BC-8D9F-8EAA5B95F85E}.Release|Any CPU.Build.0 = Release|Any CPU
		{E9D72B9F-54A8-4A37-A739-3CACBC22B931}.Debug|Any CPU.ActiveCfg = Debug|Any CPU
		{E9D72B9F-54A8-4A37-A739-3CACBC22B931}.Debug|Any CPU.Build.0 = Debug|Any CPU
		{E9D72B9F-54A8-4A37-A739-3CACBC22B931}.Release|Any CPU.ActiveCfg = Release|Any CPU
		{E9D72B9F-54A8-4A37-A739-3CACBC22B931}.Release|Any CPU.Build.0 = Release|Any CPU
	EndGlobalSection
	GlobalSection(SolutionProperties) = preSolution
		HideSolutionNode = FALSE
	EndGlobalSection
	GlobalSection(NestedProjects) = preSolution
		{5F3DA0A7-8347-41BC-8D9F-8EAA5B95F85E} = {CDDDEB7B-F59A-4FF0-9EAD-FA95C587BD97}
		{E9D72B9F-54A8-4A37-A739-3CACBC22B931} = {CDDDEB7B-F59A-4FF0-9EAD-FA95C587BD97}
	EndGlobalSection
	GlobalSection(ExtensibilityGlobals) = postSolution
		SolutionGuid = {19A9E4DD-F398-49C0-A7F2-E20077287B91}
	EndGlobalSection
EndGlobal
